// !$*UTF8*$!
{
	archiveVersion = 1;
	classes = {
	};
	objectVersion = 77;
	objects = {

/* Begin PBXBuildFile section */
		261322D52CD5795A008E4213 /* MainMenu.xib in Resources */ = {isa = PBXBuildFile; fileRef = 261322D32CD5795A008E4213 /* MainMenu.xib */; };
		261322D62CD5795A008E4213 /* Assets.xcassets in Resources */ = {isa = PBXBuildFile; fileRef = 261322D22CD5795A008E4213 /* Assets.xcassets */; };
		261322D92CD579D4008E4213 /* main.cpp in Sources */ = {isa = PBXBuildFile; fileRef = 261322D82CD579D4008E4213 /* main.cpp */; };
		261327022CD57A94008E4213 /* bitmap.framework in Frameworks */ = {isa = PBXBuildFile; fileRef = 261324B12CD57A40008E4213 /* bitmap.framework */; };
		261327032CD57A94008E4213 /* core.framework in Frameworks */ = {isa = PBXBuildFile; fileRef = 261324B32CD57A40008E4213 /* core.framework */; };
		261327042CD57A94008E4213 /* crypto.framework in Frameworks */ = {isa = PBXBuildFile; fileRef = 261324B52CD57A40008E4213 /* crypto.framework */; };
		261327052CD57A94008E4213 /* data.framework in Frameworks */ = {isa = PBXBuildFile; fileRef = 261324B72CD57A40008E4213 /* data.framework */; };
		261327062CD57A94008E4213 /* db.framework in Frameworks */ = {isa = PBXBuildFile; fileRef = 261324B92CD57A40008E4213 /* db.framework */; };
		261327072CD57A94008E4213 /* font.framework in Frameworks */ = {isa = PBXBuildFile; fileRef = 261324BB2CD57A40008E4213 /* font.framework */; };
		261327082CD57A94008E4213 /* geom.framework in Frameworks */ = {isa = PBXBuildFile; fileRef = 261324BD2CD57A40008E4213 /* geom.framework */; };
		261327092CD57A94008E4213 /* network.framework in Frameworks */ = {isa = PBXBuildFile; fileRef = 261324BF2CD57A40008E4213 /* network.framework */; };
		2613270A2CD57A94008E4213 /* search.framework in Frameworks */ = {isa = PBXBuildFile; fileRef = 261324C12CD57A40008E4213 /* search.framework */; };
		2613270B2CD57A94008E4213 /* tess.framework in Frameworks */ = {isa = PBXBuildFile; fileRef = 261324C32CD57A40008E4213 /* tess.framework */; };
		2613270C2CD57A94008E4213 /* vg.framework in Frameworks */ = {isa = PBXBuildFile; fileRef = 261324C52CD57A40008E4213 /* vg.framework */; };
		2613270D2CD57A94008E4213 /* wasm.framework in Frameworks */ = {isa = PBXBuildFile; fileRef = 261324C72CD57A40008E4213 /* wasm.framework */; };
		2613270E2CD57A94008E4213 /* zip.framework in Frameworks */ = {isa = PBXBuildFile; fileRef = 261324C92CD57A40008E4213 /* zip.framework */; };
		2613270F2CD57A94008E4213 /* application.framework in Frameworks */ = {isa = PBXBuildFile; fileRef = 261326E82CD57A71008E4213 /* application.framework */; };
		261327102CD57A94008E4213 /* backend_vk.framework in Frameworks */ = {isa = PBXBuildFile; fileRef = 261326EA2CD57A71008E4213 /* backend_vk.framework */; };
		261327112CD57A94008E4213 /* backend_vkgui.framework in Frameworks */ = {isa = PBXBuildFile; fileRef = 261326EC2CD57A71008E4213 /* backend_vkgui.framework */; };
		261327122CD57A94008E4213 /* renderer_basic2d.framework in Frameworks */ = {isa = PBXBuildFile; fileRef = 261326EE2CD57A71008E4213 /* renderer_basic2d.framework */; };
		261327132CD57A94008E4213 /* renderer_material2d.framework in Frameworks */ = {isa = PBXBuildFile; fileRef = 261326F02CD57A71008E4213 /* renderer_material2d.framework */; };
		261327142CD57A94008E4213 /* resources_assets.framework in Frameworks */ = {isa = PBXBuildFile; fileRef = 261326F62CD57A71008E4213 /* resources_assets.framework */; };
		261327152CD57A94008E4213 /* resources_icons.framework in Frameworks */ = {isa = PBXBuildFile; fileRef = 261326F82CD57A71008E4213 /* resources_icons.framework */; };
		261327162CD57A94008E4213 /* resources_network.framework in Frameworks */ = {isa = PBXBuildFile; fileRef = 261326FA2CD57A71008E4213 /* resources_network.framework */; };
		261327172CD57A94008E4213 /* resources_storage.framework in Frameworks */ = {isa = PBXBuildFile; fileRef = 261326FC2CD57A71008E4213 /* resources_storage.framework */; };
		261327182CD57A94008E4213 /* scene.framework in Frameworks */ = {isa = PBXBuildFile; fileRef = 261326F42CD57A71008E4213 /* scene.framework */; };
		261327192CD57A94008E4213 /* xenolith_core.framework in Frameworks */ = {isa = PBXBuildFile; fileRef = 261326E62CD57A71008E4213 /* xenolith_core.framework */; };
		2613271A2CD57A94008E4213 /* xenolith_font.framework in Frameworks */ = {isa = PBXBuildFile; fileRef = 261326F22CD57A71008E4213 /* xenolith_font.framework */; };
		2613271E2CD57EF9008E4213 /* vulkan in Resources */ = {isa = PBXBuildFile; fileRef = 2613271D2CD57EF9008E4213 /* vulkan */; };
		261327232CD57F7A008E4213 /* libMoltenVK.dylib in Frameworks */ = {isa = PBXBuildFile; fileRef = 2613271F2CD57F35008E4213 /* libMoltenVK.dylib */; };
		261327242CD57F7A008E4213 /* libMoltenVK.dylib in Embed Libraries */ = {isa = PBXBuildFile; fileRef = 2613271F2CD57F35008E4213 /* libMoltenVK.dylib */; settings = {ATTRIBUTES = (CodeSignOnCopy, ); }; };
		261327262CD57F87008E4213 /* libvulkan.1.dylib in Frameworks */ = {isa = PBXBuildFile; fileRef = 261327212CD57F35008E4213 /* libvulkan.1.dylib */; };
		261327272CD57F88008E4213 /* libvulkan.1.dylib in Embed Libraries */ = {isa = PBXBuildFile; fileRef = 261327212CD57F35008E4213 /* libvulkan.1.dylib */; settings = {ATTRIBUTES = (CodeSignOnCopy, ); }; };
		261327282CD57F8B008E4213 /* libvulkan.1.3.296.dylib in Frameworks */ = {isa = PBXBuildFile; fileRef = 261327222CD57F35008E4213 /* libvulkan.1.3.296.dylib */; };
		261327292CD57F8B008E4213 /* libvulkan.1.3.296.dylib in Embed Libraries */ = {isa = PBXBuildFile; fileRef = 261327222CD57F35008E4213 /* libvulkan.1.3.296.dylib */; settings = {ATTRIBUTES = (CodeSignOnCopy, ); }; };
		2613272A2CD57F9A008E4213 /* libVkLayer_khronos_validation.dylib in Embed Libraries */ = {isa = PBXBuildFile; fileRef = 261327202CD57F35008E4213 /* libVkLayer_khronos_validation.dylib */; settings = {ATTRIBUTES = (CodeSignOnCopy, ); }; };
/* End PBXBuildFile section */

/* Begin PBXContainerItemProxy section */
		261324B02CD57A40008E4213 /* PBXContainerItemProxy */ = {
			isa = PBXContainerItemProxy;
			containerPortal = 261322E22CD57A40008E4213 /* core.xcodeproj */;
			proxyType = 2;
			remoteGlobalIDString = 268C425D2CC93B3D006E6D5D;
			remoteInfo = bitmap;
		};
		261324B22CD57A40008E4213 /* PBXContainerItemProxy */ = {
			isa = PBXContainerItemProxy;
			containerPortal = 261322E22CD57A40008E4213 /* core.xcodeproj */;
			proxyType = 2;
			remoteGlobalIDString = 268C41C22CC8EE0D006E6D5D;
			remoteInfo = core;
		};
		261324B42CD57A40008E4213 /* PBXContainerItemProxy */ = {
			isa = PBXContainerItemProxy;
			containerPortal = 261322E22CD57A40008E4213 /* core.xcodeproj */;
			proxyType = 2;
			remoteGlobalIDString = 268C41FF2CC8F0A1006E6D5D;
			remoteInfo = crypto;
		};
		261324B62CD57A40008E4213 /* PBXContainerItemProxy */ = {
			isa = PBXContainerItemProxy;
			containerPortal = 261322E22CD57A40008E4213 /* core.xcodeproj */;
			proxyType = 2;
			remoteGlobalIDString = 268C41F22CC8F096006E6D5D;
			remoteInfo = data;
		};
		261324B82CD57A40008E4213 /* PBXContainerItemProxy */ = {
			isa = PBXContainerItemProxy;
			containerPortal = 261322E22CD57A40008E4213 /* core.xcodeproj */;
			proxyType = 2;
			remoteGlobalIDString = 268C426A2CC93B78006E6D5D;
			remoteInfo = db;
		};
		261324BA2CD57A40008E4213 /* PBXContainerItemProxy */ = {
			isa = PBXContainerItemProxy;
			containerPortal = 261322E22CD57A40008E4213 /* core.xcodeproj */;
			proxyType = 2;
			remoteGlobalIDString = 268C42772CC93B8D006E6D5D;
			remoteInfo = font;
		};
		261324BC2CD57A40008E4213 /* PBXContainerItemProxy */ = {
			isa = PBXContainerItemProxy;
			containerPortal = 261322E22CD57A40008E4213 /* core.xcodeproj */;
			proxyType = 2;
			remoteGlobalIDString = 268C42842CC93BE0006E6D5D;
			remoteInfo = geom;
		};
		261324BE2CD57A40008E4213 /* PBXContainerItemProxy */ = {
			isa = PBXContainerItemProxy;
			containerPortal = 261322E22CD57A40008E4213 /* core.xcodeproj */;
			proxyType = 2;
			remoteGlobalIDString = 268C42912CC93C01006E6D5D;
			remoteInfo = network;
		};
		261324C02CD57A40008E4213 /* PBXContainerItemProxy */ = {
			isa = PBXContainerItemProxy;
			containerPortal = 261322E22CD57A40008E4213 /* core.xcodeproj */;
			proxyType = 2;
			remoteGlobalIDString = 268C429E2CC93C30006E6D5D;
			remoteInfo = search;
		};
		261324C22CD57A40008E4213 /* PBXContainerItemProxy */ = {
			isa = PBXContainerItemProxy;
			containerPortal = 261322E22CD57A40008E4213 /* core.xcodeproj */;
			proxyType = 2;
			remoteGlobalIDString = 268C42AB2CC93C4A006E6D5D;
			remoteInfo = tess;
		};
		261324C42CD57A40008E4213 /* PBXContainerItemProxy */ = {
			isa = PBXContainerItemProxy;
			containerPortal = 261322E22CD57A40008E4213 /* core.xcodeproj */;
			proxyType = 2;
			remoteGlobalIDString = 268C42B82CC93C63006E6D5D;
			remoteInfo = vg;
		};
		261324C62CD57A40008E4213 /* PBXContainerItemProxy */ = {
			isa = PBXContainerItemProxy;
			containerPortal = 261322E22CD57A40008E4213 /* core.xcodeproj */;
			proxyType = 2;
			remoteGlobalIDString = 268C42C52CC93C75006E6D5D;
			remoteInfo = wasm;
		};
		261324C82CD57A40008E4213 /* PBXContainerItemProxy */ = {
			isa = PBXContainerItemProxy;
			containerPortal = 261322E22CD57A40008E4213 /* core.xcodeproj */;
			proxyType = 2;
			remoteGlobalIDString = 268C42D22CC93C8C006E6D5D;
			remoteInfo = zip;
		};
		261326E52CD57A71008E4213 /* PBXContainerItemProxy */ = {
			isa = PBXContainerItemProxy;
			containerPortal = 261324CA2CD57A71008E4213 /* xenolith.xcodeproj */;
			proxyType = 2;
			remoteGlobalIDString = 268C43362CC98717006E6D5D;
			remoteInfo = "xenolith-core";
		};
		261326E72CD57A71008E4213 /* PBXContainerItemProxy */ = {
			isa = PBXContainerItemProxy;
			containerPortal = 261324CA2CD57A71008E4213 /* xenolith.xcodeproj */;
			proxyType = 2;
			remoteGlobalIDString = 268C45422CC987D1006E6D5D;
			remoteInfo = application;
		};
		261326E92CD57A71008E4213 /* PBXContainerItemProxy */ = {
			isa = PBXContainerItemProxy;
			containerPortal = 261324CA2CD57A71008E4213 /* xenolith.xcodeproj */;
			proxyType = 2;
			remoteGlobalIDString = 268C45502CC9882F006E6D5D;
			remoteInfo = backend_vk;
		};
		261326EB2CD57A71008E4213 /* PBXContainerItemProxy */ = {
			isa = PBXContainerItemProxy;
			containerPortal = 261324CA2CD57A71008E4213 /* xenolith.xcodeproj */;
			proxyType = 2;
			remoteGlobalIDString = 268C455E2CC9887D006E6D5D;
			remoteInfo = backend_vkgui;
		};
		261326ED2CD57A71008E4213 /* PBXContainerItemProxy */ = {
			isa = PBXContainerItemProxy;
			containerPortal = 261324CA2CD57A71008E4213 /* xenolith.xcodeproj */;
			proxyType = 2;
			remoteGlobalIDString = 268C456C2CC988FF006E6D5D;
			remoteInfo = renderer_basic2d;
		};
		261326EF2CD57A71008E4213 /* PBXContainerItemProxy */ = {
			isa = PBXContainerItemProxy;
			containerPortal = 261324CA2CD57A71008E4213 /* xenolith.xcodeproj */;
			proxyType = 2;
			remoteGlobalIDString = 268C457C2CC98A94006E6D5D;
			remoteInfo = renderer_material2d;
		};
		261326F12CD57A71008E4213 /* PBXContainerItemProxy */ = {
			isa = PBXContainerItemProxy;
			containerPortal = 261324CA2CD57A71008E4213 /* xenolith.xcodeproj */;
			proxyType = 2;
			remoteGlobalIDString = 268C458D2CC98B1B006E6D5D;
			remoteInfo = "xenolith-font";
		};
		261326F32CD57A71008E4213 /* PBXContainerItemProxy */ = {
			isa = PBXContainerItemProxy;
			containerPortal = 261324CA2CD57A71008E4213 /* xenolith.xcodeproj */;
			proxyType = 2;
			remoteGlobalIDString = 268C459A2CC98B25006E6D5D;
			remoteInfo = scene;
		};
		261326F52CD57A71008E4213 /* PBXContainerItemProxy */ = {
			isa = PBXContainerItemProxy;
			containerPortal = 261324CA2CD57A71008E4213 /* xenolith.xcodeproj */;
			proxyType = 2;
			remoteGlobalIDString = 268C45A92CC98BAE006E6D5D;
			remoteInfo = resources_assets;
		};
		261326F72CD57A71008E4213 /* PBXContainerItemProxy */ = {
			isa = PBXContainerItemProxy;
			containerPortal = 261324CA2CD57A71008E4213 /* xenolith.xcodeproj */;
			proxyType = 2;
			remoteGlobalIDString = 268C45B62CC98BBC006E6D5D;
			remoteInfo = resources_icons;
		};
		261326F92CD57A71008E4213 /* PBXContainerItemProxy */ = {
			isa = PBXContainerItemProxy;
			containerPortal = 261324CA2CD57A71008E4213 /* xenolith.xcodeproj */;
			proxyType = 2;
			remoteGlobalIDString = 268C45C32CC98BCB006E6D5D;
			remoteInfo = resources_network;
		};
		261326FB2CD57A71008E4213 /* PBXContainerItemProxy */ = {
			isa = PBXContainerItemProxy;
			containerPortal = 261324CA2CD57A71008E4213 /* xenolith.xcodeproj */;
			proxyType = 2;
			remoteGlobalIDString = 268C45D02CC98BDA006E6D5D;
			remoteInfo = resources_storage;
		};
		261326FD2CD57A83008E4213 /* PBXContainerItemProxy */ = {
			isa = PBXContainerItemProxy;
			containerPortal = 261322E22CD57A40008E4213 /* core.xcodeproj */;
			proxyType = 1;
			remoteGlobalIDString = 268C47062CCA31A8006E6D5D;
			remoteInfo = "libstappler-core";
		};
		261326FF2CD57A88008E4213 /* PBXContainerItemProxy */ = {
			isa = PBXContainerItemProxy;
			containerPortal = 261324CA2CD57A71008E4213 /* xenolith.xcodeproj */;
			proxyType = 1;
			remoteGlobalIDString = 268C47242CCA31D3006E6D5D;
			remoteInfo = "libstappler-xenolith";
		};
/* End PBXContainerItemProxy section */

/* Begin PBXCopyFilesBuildPhase section */
		261327252CD57F7A008E4213 /* Embed Libraries */ = {
			isa = PBXCopyFilesBuildPhase;
			buildActionMask = 2147483647;
			dstPath = "";
			dstSubfolderSpec = 10;
			files = (
				2613272A2CD57F9A008E4213 /* libVkLayer_khronos_validation.dylib in Embed Libraries */,
				261327272CD57F88008E4213 /* libvulkan.1.dylib in Embed Libraries */,
				261327242CD57F7A008E4213 /* libMoltenVK.dylib in Embed Libraries */,
				261327292CD57F8B008E4213 /* libvulkan.1.3.296.dylib in Embed Libraries */,
			);
			name = "Embed Libraries";
			runOnlyForDeploymentPostprocessing = 0;
		};
/* End PBXCopyFilesBuildPhase section */

/* Begin PBXFileReference section */
		261322BF2CD578F6008E4213 /* vk-gui.app */ = {isa = PBXFileReference; explicitFileType = wrapper.application; includeInIndex = 0; path = "vk-gui.app"; sourceTree = BUILT_PRODUCTS_DIR; };
		261322D22CD5795A008E4213 /* Assets.xcassets */ = {isa = PBXFileReference; lastKnownFileType = folder.assetcatalog; path = Assets.xcassets; sourceTree = "<group>"; };
		261322D32CD5795A008E4213 /* MainMenu.xib */ = {isa = PBXFileReference; lastKnownFileType = file.xib; path = MainMenu.xib; sourceTree = "<group>"; };
		261322D42CD5795A008E4213 /* vk_gui.entitlements */ = {isa = PBXFileReference; lastKnownFileType = text.plist.entitlements; path = vk_gui.entitlements; sourceTree = "<group>"; };
		261322D82CD579D4008E4213 /* main.cpp */ = {isa = PBXFileReference; lastKnownFileType = sourcecode.cpp.cpp; name = main.cpp; path = ../main.cpp; sourceTree = SOURCE_ROOT; };
		261322E12CD57A19008E4213 /* macos.projectconfig.xcconfig */ = {isa = PBXFileReference; lastKnownFileType = text.xcconfig; path = macos.projectconfig.xcconfig; sourceTree = "<group>"; };
		261322E22CD57A40008E4213 /* core.xcodeproj */ = {isa = PBXFileReference; lastKnownFileType = "wrapper.pb-project"; name = core.xcodeproj; path = "../../../core/proj.macos/core.xcodeproj"; sourceTree = "<absolute>"; };
		261324CA2CD57A71008E4213 /* xenolith.xcodeproj */ = {isa = PBXFileReference; lastKnownFileType = "wrapper.pb-project"; name = xenolith.xcodeproj; path = "../../../xenolith/proj.macos/xenolith.xcodeproj"; sourceTree = "<absolute>"; };
		2613271D2CD57EF9008E4213 /* vulkan */ = {isa = PBXFileReference; lastKnownFileType = folder; path = vulkan; sourceTree = "<group>"; };
		2613271F2CD57F35008E4213 /* libMoltenVK.dylib */ = {isa = PBXFileReference; lastKnownFileType = "compiled.mach-o.dylib"; name = libMoltenVK.dylib; path = /usr/local/lib/libMoltenVK.dylib; sourceTree = "<absolute>"; };
		261327202CD57F35008E4213 /* libVkLayer_khronos_validation.dylib */ = {isa = PBXFileReference; lastKnownFileType = "compiled.mach-o.bundle"; name = libVkLayer_khronos_validation.dylib; path = /usr/local/lib/libVkLayer_khronos_validation.dylib; sourceTree = "<absolute>"; };
		261327212CD57F35008E4213 /* libvulkan.1.dylib */ = {isa = PBXFileReference; lastKnownFileType = "compiled.mach-o.dylib"; name = libvulkan.1.dylib; path = /usr/local/lib/libvulkan.1.dylib; sourceTree = "<absolute>"; };
		261327222CD57F35008E4213 /* libvulkan.1.3.296.dylib */ = {isa = PBXFileReference; lastKnownFileType = "compiled.mach-o.dylib"; name = libvulkan.1.3.296.dylib; path = /usr/local/lib/libvulkan.1.3.296.dylib; sourceTree = "<absolute>"; };
/* End PBXFileReference section */

/* Begin PBXFileSystemSynchronizedRootGroup section */
		261322DE2CD579E9008E4213 /* src */ = {
			isa = PBXFileSystemSynchronizedRootGroup;
			name = src;
			path = ../src;
			sourceTree = SOURCE_ROOT;
		};
/* End PBXFileSystemSynchronizedRootGroup section */

/* Begin PBXFrameworksBuildPhase section */
		261322BC2CD578F6008E4213 /* Frameworks */ = {
			isa = PBXFrameworksBuildPhase;
			buildActionMask = 2147483647;
			files = (
				261327232CD57F7A008E4213 /* libMoltenVK.dylib in Frameworks */,
				261327022CD57A94008E4213 /* bitmap.framework in Frameworks */,
				261327032CD57A94008E4213 /* core.framework in Frameworks */,
				261327042CD57A94008E4213 /* crypto.framework in Frameworks */,
				261327052CD57A94008E4213 /* data.framework in Frameworks */,
				261327062CD57A94008E4213 /* db.framework in Frameworks */,
				261327262CD57F87008E4213 /* libvulkan.1.dylib in Frameworks */,
				261327072CD57A94008E4213 /* font.framework in Frameworks */,
				261327082CD57A94008E4213 /* geom.framework in Frameworks */,
				261327092CD57A94008E4213 /* network.framework in Frameworks */,
				2613270A2CD57A94008E4213 /* search.framework in Frameworks */,
				2613270B2CD57A94008E4213 /* tess.framework in Frameworks */,
				2613270C2CD57A94008E4213 /* vg.framework in Frameworks */,
				2613270D2CD57A94008E4213 /* wasm.framework in Frameworks */,
				2613270E2CD57A94008E4213 /* zip.framework in Frameworks */,
				2613270F2CD57A94008E4213 /* application.framework in Frameworks */,
				261327102CD57A94008E4213 /* backend_vk.framework in Frameworks */,
				261327112CD57A94008E4213 /* backend_vkgui.framework in Frameworks */,
				261327122CD57A94008E4213 /* renderer_basic2d.framework in Frameworks */,
				261327132CD57A94008E4213 /* renderer_material2d.framework in Frameworks */,
				261327282CD57F8B008E4213 /* libvulkan.1.3.296.dylib in Frameworks */,
				261327142CD57A94008E4213 /* resources_assets.framework in Frameworks */,
				261327152CD57A94008E4213 /* resources_icons.framework in Frameworks */,
				261327162CD57A94008E4213 /* resources_network.framework in Frameworks */,
				261327172CD57A94008E4213 /* resources_storage.framework in Frameworks */,
				261327182CD57A94008E4213 /* scene.framework in Frameworks */,
				261327192CD57A94008E4213 /* xenolith_core.framework in Frameworks */,
				2613271A2CD57A94008E4213 /* xenolith_font.framework in Frameworks */,
			);
			runOnlyForDeploymentPostprocessing = 0;
		};
/* End PBXFrameworksBuildPhase section */

/* Begin PBXGroup section */
		261322B62CD578F6008E4213 = {
			isa = PBXGroup;
			children = (
				2613271D2CD57EF9008E4213 /* vulkan */,
				261322E12CD57A19008E4213 /* macos.projectconfig.xcconfig */,
				261322D22CD5795A008E4213 /* Assets.xcassets */,
				261322D32CD5795A008E4213 /* MainMenu.xib */,
				261322D42CD5795A008E4213 /* vk_gui.entitlements */,
				2613271F2CD57F35008E4213 /* libMoltenVK.dylib */,
				261327202CD57F35008E4213 /* libVkLayer_khronos_validation.dylib */,
				261327212CD57F35008E4213 /* libvulkan.1.dylib */,
				261327222CD57F35008E4213 /* libvulkan.1.3.296.dylib */,
				261322D82CD579D4008E4213 /* main.cpp */,
				261322E22CD57A40008E4213 /* core.xcodeproj */,
				261324CA2CD57A71008E4213 /* xenolith.xcodeproj */,
				261322DE2CD579E9008E4213 /* src */,
				261327012CD57A94008E4213 /* Frameworks */,
				261322C02CD578F6008E4213 /* Products */,
			);
			sourceTree = "<group>";
		};
		261322C02CD578F6008E4213 /* Products */ = {
			isa = PBXGroup;
			children = (
				261322BF2CD578F6008E4213 /* vk-gui.app */,
			);
			name = Products;
			sourceTree = "<group>";
		};
		261324A02CD57A40008E4213 /* Products */ = {
			isa = PBXGroup;
			children = (
				261324B12CD57A40008E4213 /* bitmap.framework */,
				261324B32CD57A40008E4213 /* core.framework */,
				261324B52CD57A40008E4213 /* crypto.framework */,
				261324B72CD57A40008E4213 /* data.framework */,
				261324B92CD57A40008E4213 /* db.framework */,
				261324BB2CD57A40008E4213 /* font.framework */,
				261324BD2CD57A40008E4213 /* geom.framework */,
				261324BF2CD57A40008E4213 /* network.framework */,
				261324C12CD57A40008E4213 /* search.framework */,
				261324C32CD57A40008E4213 /* tess.framework */,
				261324C52CD57A40008E4213 /* vg.framework */,
				261324C72CD57A40008E4213 /* wasm.framework */,
				261324C92CD57A40008E4213 /* zip.framework */,
			);
			name = Products;
			sourceTree = "<group>";
		};
		261326D62CD57A71008E4213 /* Products */ = {
			isa = PBXGroup;
			children = (
				261326E62CD57A71008E4213 /* xenolith_core.framework */,
				261326E82CD57A71008E4213 /* application.framework */,
				261326EA2CD57A71008E4213 /* backend_vk.framework */,
				261326EC2CD57A71008E4213 /* backend_vkgui.framework */,
				261326EE2CD57A71008E4213 /* renderer_basic2d.framework */,
				261326F02CD57A71008E4213 /* renderer_material2d.framework */,
				261326F22CD57A71008E4213 /* xenolith_font.framework */,
				261326F42CD57A71008E4213 /* scene.framework */,
				261326F62CD57A71008E4213 /* resources_assets.framework */,
				261326F82CD57A71008E4213 /* resources_icons.framework */,
				261326FA2CD57A71008E4213 /* resources_network.framework */,
				261326FC2CD57A71008E4213 /* resources_storage.framework */,
			);
			name = Products;
			sourceTree = "<group>";
		};
		261327012CD57A94008E4213 /* Frameworks */ = {
			isa = PBXGroup;
			children = (
			);
			name = Frameworks;
			sourceTree = "<group>";
		};
/* End PBXGroup section */

/* Begin PBXNativeTarget section */
		261322BE2CD578F6008E4213 /* vk-gui */ = {
			isa = PBXNativeTarget;
			buildConfigurationList = 261322CF2CD578F7008E4213 /* Build configuration list for PBXNativeTarget "vk-gui" */;
			buildPhases = (
				261322D72CD57995008E4213 /* Run Script */,
				261322BB2CD578F6008E4213 /* Sources */,
				261322BC2CD578F6008E4213 /* Frameworks */,
				261322BD2CD578F6008E4213 /* Resources */,
				261327252CD57F7A008E4213 /* Embed Libraries */,
			);
			buildRules = (
			);
			dependencies = (
				261327002CD57A88008E4213 /* PBXTargetDependency */,
				261326FE2CD57A83008E4213 /* PBXTargetDependency */,
			);
			fileSystemSynchronizedGroups = (
				261322DE2CD579E9008E4213 /* src */,
			);
			name = "vk-gui";
			packageProductDependencies = (
			);
			productName = "vk-gui";
			productReference = 261322BF2CD578F6008E4213 /* vk-gui.app */;
			productType = "com.apple.product-type.application";
		};
/* End PBXNativeTarget section */

/* Begin PBXProject section */
		261322B72CD578F6008E4213 /* Project object */ = {
			isa = PBXProject;
			attributes = {
				BuildIndependentTargetsInParallel = 1;
				LastUpgradeCheck = 1610;
				TargetAttributes = {
					261322BE2CD578F6008E4213 = {
						CreatedOnToolsVersion = 16.1;
					};
				};
			};
			buildConfigurationList = 261322BA2CD578F6008E4213 /* Build configuration list for PBXProject "vk-gui" */;
			developmentRegion = en;
			hasScannedForEncodings = 0;
			knownRegions = (
				en,
				Base,
			);
			mainGroup = 261322B62CD578F6008E4213;
			minimizedProjectReferenceProxies = 1;
			preferredProjectObjectVersion = 77;
			productRefGroup = 261322C02CD578F6008E4213 /* Products */;
			projectDirPath = "";
			projectReferences = (
				{
					ProductGroup = 261324A02CD57A40008E4213 /* Products */;
					ProjectRef = 261322E22CD57A40008E4213 /* core.xcodeproj */;
				},
				{
					ProductGroup = 261326D62CD57A71008E4213 /* Products */;
					ProjectRef = 261324CA2CD57A71008E4213 /* xenolith.xcodeproj */;
				},
			);
			projectRoot = "";
			targets = (
				261322BE2CD578F6008E4213 /* vk-gui */,
			);
		};
/* End PBXProject section */

/* Begin PBXReferenceProxy section */
		261324B12CD57A40008E4213 /* bitmap.framework */ = {
			isa = PBXReferenceProxy;
			fileType = wrapper.framework;
			path = bitmap.framework;
			remoteRef = 261324B02CD57A40008E4213 /* PBXContainerItemProxy */;
			sourceTree = BUILT_PRODUCTS_DIR;
		};
		261324B32CD57A40008E4213 /* core.framework */ = {
			isa = PBXReferenceProxy;
			fileType = wrapper.framework;
			path = core.framework;
			remoteRef = 261324B22CD57A40008E4213 /* PBXContainerItemProxy */;
			sourceTree = BUILT_PRODUCTS_DIR;
		};
		261324B52CD57A40008E4213 /* crypto.framework */ = {
			isa = PBXReferenceProxy;
			fileType = wrapper.framework;
			path = crypto.framework;
			remoteRef = 261324B42CD57A40008E4213 /* PBXContainerItemProxy */;
			sourceTree = BUILT_PRODUCTS_DIR;
		};
		261324B72CD57A40008E4213 /* data.framework */ = {
			isa = PBXReferenceProxy;
			fileType = wrapper.framework;
			path = data.framework;
			remoteRef = 261324B62CD57A40008E4213 /* PBXContainerItemProxy */;
			sourceTree = BUILT_PRODUCTS_DIR;
		};
		261324B92CD57A40008E4213 /* db.framework */ = {
			isa = PBXReferenceProxy;
			fileType = wrapper.framework;
			path = db.framework;
			remoteRef = 261324B82CD57A40008E4213 /* PBXContainerItemProxy */;
			sourceTree = BUILT_PRODUCTS_DIR;
		};
		261324BB2CD57A40008E4213 /* font.framework */ = {
			isa = PBXReferenceProxy;
			fileType = wrapper.framework;
			path = font.framework;
			remoteRef = 261324BA2CD57A40008E4213 /* PBXContainerItemProxy */;
			sourceTree = BUILT_PRODUCTS_DIR;
		};
		261324BD2CD57A40008E4213 /* geom.framework */ = {
			isa = PBXReferenceProxy;
			fileType = wrapper.framework;
			path = geom.framework;
			remoteRef = 261324BC2CD57A40008E4213 /* PBXContainerItemProxy */;
			sourceTree = BUILT_PRODUCTS_DIR;
		};
		261324BF2CD57A40008E4213 /* network.framework */ = {
			isa = PBXReferenceProxy;
			fileType = wrapper.framework;
			path = network.framework;
			remoteRef = 261324BE2CD57A40008E4213 /* PBXContainerItemProxy */;
			sourceTree = BUILT_PRODUCTS_DIR;
		};
		261324C12CD57A40008E4213 /* search.framework */ = {
			isa = PBXReferenceProxy;
			fileType = wrapper.framework;
			path = search.framework;
			remoteRef = 261324C02CD57A40008E4213 /* PBXContainerItemProxy */;
			sourceTree = BUILT_PRODUCTS_DIR;
		};
		261324C32CD57A40008E4213 /* tess.framework */ = {
			isa = PBXReferenceProxy;
			fileType = wrapper.framework;
			path = tess.framework;
			remoteRef = 261324C22CD57A40008E4213 /* PBXContainerItemProxy */;
			sourceTree = BUILT_PRODUCTS_DIR;
		};
		261324C52CD57A40008E4213 /* vg.framework */ = {
			isa = PBXReferenceProxy;
			fileType = wrapper.framework;
			path = vg.framework;
			remoteRef = 261324C42CD57A40008E4213 /* PBXContainerItemProxy */;
			sourceTree = BUILT_PRODUCTS_DIR;
		};
		261324C72CD57A40008E4213 /* wasm.framework */ = {
			isa = PBXReferenceProxy;
			fileType = wrapper.framework;
			path = wasm.framework;
			remoteRef = 261324C62CD57A40008E4213 /* PBXContainerItemProxy */;
			sourceTree = BUILT_PRODUCTS_DIR;
		};
		261324C92CD57A40008E4213 /* zip.framework */ = {
			isa = PBXReferenceProxy;
			fileType = wrapper.framework;
			path = zip.framework;
			remoteRef = 261324C82CD57A40008E4213 /* PBXContainerItemProxy */;
			sourceTree = BUILT_PRODUCTS_DIR;
		};
		261326E62CD57A71008E4213 /* xenolith_core.framework */ = {
			isa = PBXReferenceProxy;
			fileType = wrapper.framework;
			path = xenolith_core.framework;
			remoteRef = 261326E52CD57A71008E4213 /* PBXContainerItemProxy */;
			sourceTree = BUILT_PRODUCTS_DIR;
		};
		261326E82CD57A71008E4213 /* application.framework */ = {
			isa = PBXReferenceProxy;
			fileType = wrapper.framework;
			path = application.framework;
			remoteRef = 261326E72CD57A71008E4213 /* PBXContainerItemProxy */;
			sourceTree = BUILT_PRODUCTS_DIR;
		};
		261326EA2CD57A71008E4213 /* backend_vk.framework */ = {
			isa = PBXReferenceProxy;
			fileType = wrapper.framework;
			path = backend_vk.framework;
			remoteRef = 261326E92CD57A71008E4213 /* PBXContainerItemProxy */;
			sourceTree = BUILT_PRODUCTS_DIR;
		};
		261326EC2CD57A71008E4213 /* backend_vkgui.framework */ = {
			isa = PBXReferenceProxy;
			fileType = wrapper.framework;
			path = backend_vkgui.framework;
			remoteRef = 261326EB2CD57A71008E4213 /* PBXContainerItemProxy */;
			sourceTree = BUILT_PRODUCTS_DIR;
		};
		261326EE2CD57A71008E4213 /* renderer_basic2d.framework */ = {
			isa = PBXReferenceProxy;
			fileType = wrapper.framework;
			path = renderer_basic2d.framework;
			remoteRef = 261326ED2CD57A71008E4213 /* PBXContainerItemProxy */;
			sourceTree = BUILT_PRODUCTS_DIR;
		};
		261326F02CD57A71008E4213 /* renderer_material2d.framework */ = {
			isa = PBXReferenceProxy;
			fileType = wrapper.framework;
			path = renderer_material2d.framework;
			remoteRef = 261326EF2CD57A71008E4213 /* PBXContainerItemProxy */;
			sourceTree = BUILT_PRODUCTS_DIR;
		};
		261326F22CD57A71008E4213 /* xenolith_font.framework */ = {
			isa = PBXReferenceProxy;
			fileType = wrapper.framework;
			path = xenolith_font.framework;
			remoteRef = 261326F12CD57A71008E4213 /* PBXContainerItemProxy */;
			sourceTree = BUILT_PRODUCTS_DIR;
		};
		261326F42CD57A71008E4213 /* scene.framework */ = {
			isa = PBXReferenceProxy;
			fileType = wrapper.framework;
			path = scene.framework;
			remoteRef = 261326F32CD57A71008E4213 /* PBXContainerItemProxy */;
			sourceTree = BUILT_PRODUCTS_DIR;
		};
		261326F62CD57A71008E4213 /* resources_assets.framework */ = {
			isa = PBXReferenceProxy;
			fileType = wrapper.framework;
			path = resources_assets.framework;
			remoteRef = 261326F52CD57A71008E4213 /* PBXContainerItemProxy */;
			sourceTree = BUILT_PRODUCTS_DIR;
		};
		261326F82CD57A71008E4213 /* resources_icons.framework */ = {
			isa = PBXReferenceProxy;
			fileType = wrapper.framework;
			path = resources_icons.framework;
			remoteRef = 261326F72CD57A71008E4213 /* PBXContainerItemProxy */;
			sourceTree = BUILT_PRODUCTS_DIR;
		};
		261326FA2CD57A71008E4213 /* resources_network.framework */ = {
			isa = PBXReferenceProxy;
			fileType = wrapper.framework;
			path = resources_network.framework;
			remoteRef = 261326F92CD57A71008E4213 /* PBXContainerItemProxy */;
			sourceTree = BUILT_PRODUCTS_DIR;
		};
		261326FC2CD57A71008E4213 /* resources_storage.framework */ = {
			isa = PBXReferenceProxy;
			fileType = wrapper.framework;
			path = resources_storage.framework;
			remoteRef = 261326FB2CD57A71008E4213 /* PBXContainerItemProxy */;
			sourceTree = BUILT_PRODUCTS_DIR;
		};
/* End PBXReferenceProxy section */

/* Begin PBXResourcesBuildPhase section */
		261322BD2CD578F6008E4213 /* Resources */ = {
			isa = PBXResourcesBuildPhase;
			buildActionMask = 2147483647;
			files = (
				2613271E2CD57EF9008E4213 /* vulkan in Resources */,
				261322D52CD5795A008E4213 /* MainMenu.xib in Resources */,
				261322D62CD5795A008E4213 /* Assets.xcassets in Resources */,
			);
			runOnlyForDeploymentPostprocessing = 0;
		};
/* End PBXResourcesBuildPhase section */

/* Begin PBXShellScriptBuildPhase section */
		261322D72CD57995008E4213 /* Run Script */ = {
			isa = PBXShellScriptBuildPhase;
			alwaysOutOfDate = 1;
			buildActionMask = 2147483647;
			files = (
			);
			inputFileListPaths = (
			);
			inputPaths = (
			);
			name = "Run Script";
			outputFileListPaths = (
			);
			outputPaths = (
			);
			runOnlyForDeploymentPostprocessing = 0;
			shellPath = /bin/sh;
			shellScript = "# Type a script or drag a script file from your workspace to insert its path.\nmake -C .. mac-export RELEASE=1\n";
		};
/* End PBXShellScriptBuildPhase section */

/* Begin PBXSourcesBuildPhase section */
		261322BB2CD578F6008E4213 /* Sources */ = {
			isa = PBXSourcesBuildPhase;
			buildActionMask = 2147483647;
			files = (
				261322D92CD579D4008E4213 /* main.cpp in Sources */,
			);
			runOnlyForDeploymentPostprocessing = 0;
		};
/* End PBXSourcesBuildPhase section */

/* Begin PBXTargetDependency section */
		261326FE2CD57A83008E4213 /* PBXTargetDependency */ = {
			isa = PBXTargetDependency;
			name = "libstappler-core";
			targetProxy = 261326FD2CD57A83008E4213 /* PBXContainerItemProxy */;
		};
		261327002CD57A88008E4213 /* PBXTargetDependency */ = {
			isa = PBXTargetDependency;
			name = "libstappler-xenolith";
			targetProxy = 261326FF2CD57A88008E4213 /* PBXContainerItemProxy */;
		};
/* End PBXTargetDependency section */

/* Begin XCBuildConfiguration section */
		261322CD2CD578F7008E4213 /* Debug */ = {
			isa = XCBuildConfiguration;
			buildSettings = {
				ALWAYS_SEARCH_USER_PATHS = NO;
				ASSETCATALOG_COMPILER_GENERATE_SWIFT_ASSET_SYMBOL_EXTENSIONS = YES;
				CLANG_ANALYZER_NONNULL = YES;
				CLANG_ANALYZER_NUMBER_OBJECT_CONVERSION = YES_AGGRESSIVE;
				CLANG_CXX_LANGUAGE_STANDARD = "gnu++20";
				CLANG_ENABLE_MODULES = YES;
				CLANG_ENABLE_OBJC_ARC = YES;
				CLANG_ENABLE_OBJC_WEAK = YES;
				CLANG_WARN_BLOCK_CAPTURE_AUTORELEASING = YES;
				CLANG_WARN_BOOL_CONVERSION = YES;
				CLANG_WARN_COMMA = YES;
				CLANG_WARN_CONSTANT_CONVERSION = YES;
				CLANG_WARN_DEPRECATED_OBJC_IMPLEMENTATIONS = YES;
				CLANG_WARN_DIRECT_OBJC_ISA_USAGE = YES_ERROR;
				CLANG_WARN_DOCUMENTATION_COMMENTS = YES;
				CLANG_WARN_EMPTY_BODY = YES;
				CLANG_WARN_ENUM_CONVERSION = YES;
				CLANG_WARN_INFINITE_RECURSION = YES;
				CLANG_WARN_INT_CONVERSION = YES;
				CLANG_WARN_NON_LITERAL_NULL_CONVERSION = YES;
				CLANG_WARN_OBJC_IMPLICIT_RETAIN_SELF = YES;
				CLANG_WARN_OBJC_LITERAL_CONVERSION = YES;
				CLANG_WARN_OBJC_ROOT_CLASS = YES_ERROR;
				CLANG_WARN_QUOTED_INCLUDE_IN_FRAMEWORK_HEADER = YES;
				CLANG_WARN_RANGE_LOOP_ANALYSIS = YES;
				CLANG_WARN_STRICT_PROTOTYPES = YES;
				CLANG_WARN_SUSPICIOUS_MOVE = YES;
				CLANG_WARN_UNGUARDED_AVAILABILITY = YES_AGGRESSIVE;
				CLANG_WARN_UNREACHABLE_CODE = YES;
				CLANG_WARN__DUPLICATE_METHOD_MATCH = YES;
				COPY_PHASE_STRIP = NO;
				DEBUG_INFORMATION_FORMAT = dwarf;
				ENABLE_STRICT_OBJC_MSGSEND = YES;
				ENABLE_TESTABILITY = YES;
				ENABLE_USER_SCRIPT_SANDBOXING = YES;
				GCC_C_LANGUAGE_STANDARD = gnu17;
				GCC_DYNAMIC_NO_PIC = NO;
				GCC_NO_COMMON_BLOCKS = YES;
				GCC_OPTIMIZATION_LEVEL = 0;
				GCC_PREPROCESSOR_DEFINITIONS = (
					"DEBUG=1",
					"$(inherited)",
				);
				GCC_WARN_64_TO_32_BIT_CONVERSION = YES;
				GCC_WARN_ABOUT_RETURN_TYPE = YES_ERROR;
				GCC_WARN_UNDECLARED_SELECTOR = YES;
				GCC_WARN_UNINITIALIZED_AUTOS = YES_AGGRESSIVE;
				GCC_WARN_UNUSED_FUNCTION = YES;
				GCC_WARN_UNUSED_VARIABLE = YES;
				LOCALIZATION_PREFERS_STRING_CATALOGS = YES;
				MACOSX_DEPLOYMENT_TARGET = 15.1;
				MTL_ENABLE_DEBUG_INFO = INCLUDE_SOURCE;
				MTL_FAST_MATH = YES;
				ONLY_ACTIVE_ARCH = YES;
				SDKROOT = macosx;
			};
			name = Debug;
		};
		261322CE2CD578F7008E4213 /* Release */ = {
			isa = XCBuildConfiguration;
			buildSettings = {
				ALWAYS_SEARCH_USER_PATHS = NO;
				ASSETCATALOG_COMPILER_GENERATE_SWIFT_ASSET_SYMBOL_EXTENSIONS = YES;
				CLANG_ANALYZER_NONNULL = YES;
				CLANG_ANALYZER_NUMBER_OBJECT_CONVERSION = YES_AGGRESSIVE;
				CLANG_CXX_LANGUAGE_STANDARD = "gnu++20";
				CLANG_ENABLE_MODULES = YES;
				CLANG_ENABLE_OBJC_ARC = YES;
				CLANG_ENABLE_OBJC_WEAK = YES;
				CLANG_WARN_BLOCK_CAPTURE_AUTORELEASING = YES;
				CLANG_WARN_BOOL_CONVERSION = YES;
				CLANG_WARN_COMMA = YES;
				CLANG_WARN_CONSTANT_CONVERSION = YES;
				CLANG_WARN_DEPRECATED_OBJC_IMPLEMENTATIONS = YES;
				CLANG_WARN_DIRECT_OBJC_ISA_USAGE = YES_ERROR;
				CLANG_WARN_DOCUMENTATION_COMMENTS = YES;
				CLANG_WARN_EMPTY_BODY = YES;
				CLANG_WARN_ENUM_CONVERSION = YES;
				CLANG_WARN_INFINITE_RECURSION = YES;
				CLANG_WARN_INT_CONVERSION = YES;
				CLANG_WARN_NON_LITERAL_NULL_CONVERSION = YES;
				CLANG_WARN_OBJC_IMPLICIT_RETAIN_SELF = YES;
				CLANG_WARN_OBJC_LITERAL_CONVERSION = YES;
				CLANG_WARN_OBJC_ROOT_CLASS = YES_ERROR;
				CLANG_WARN_QUOTED_INCLUDE_IN_FRAMEWORK_HEADER = YES;
				CLANG_WARN_RANGE_LOOP_ANALYSIS = YES;
				CLANG_WARN_STRICT_PROTOTYPES = YES;
				CLANG_WARN_SUSPICIOUS_MOVE = YES;
				CLANG_WARN_UNGUARDED_AVAILABILITY = YES_AGGRESSIVE;
				CLANG_WARN_UNREACHABLE_CODE = YES;
				CLANG_WARN__DUPLICATE_METHOD_MATCH = YES;
				COPY_PHASE_STRIP = NO;
				DEBUG_INFORMATION_FORMAT = "dwarf-with-dsym";
				ENABLE_NS_ASSERTIONS = NO;
				ENABLE_STRICT_OBJC_MSGSEND = YES;
				ENABLE_USER_SCRIPT_SANDBOXING = YES;
				GCC_C_LANGUAGE_STANDARD = gnu17;
				GCC_NO_COMMON_BLOCKS = YES;
				GCC_WARN_64_TO_32_BIT_CONVERSION = YES;
				GCC_WARN_ABOUT_RETURN_TYPE = YES_ERROR;
				GCC_WARN_UNDECLARED_SELECTOR = YES;
				GCC_WARN_UNINITIALIZED_AUTOS = YES_AGGRESSIVE;
				GCC_WARN_UNUSED_FUNCTION = YES;
				GCC_WARN_UNUSED_VARIABLE = YES;
				LOCALIZATION_PREFERS_STRING_CATALOGS = YES;
				MACOSX_DEPLOYMENT_TARGET = 15.1;
				MTL_ENABLE_DEBUG_INFO = NO;
				MTL_FAST_MATH = YES;
				SDKROOT = macosx;
			};
			name = Release;
		};
		261322D02CD578F7008E4213 /* Debug */ = {
			isa = XCBuildConfiguration;
			baseConfigurationReference = 261322E12CD57A19008E4213 /* macos.projectconfig.xcconfig */;
			buildSettings = {
				ASSETCATALOG_COMPILER_APPICON_NAME = AppIcon;
				ASSETCATALOG_COMPILER_GLOBAL_ACCENT_COLOR_NAME = AccentColor;
				CODE_SIGN_ENTITLEMENTS = vk_gui.entitlements;
				CODE_SIGN_STYLE = Automatic;
				COMBINE_HIDPI_IMAGES = YES;
				CURRENT_PROJECT_VERSION = 1;
				ENABLE_USER_SCRIPT_SANDBOXING = NO;
				GENERATE_INFOPLIST_FILE = YES;
				INFOPLIST_KEY_NSHumanReadableCopyright = "";
				INFOPLIST_KEY_NSMainNibFile = MainMenu;
				INFOPLIST_KEY_NSPrincipalClass = NSApplication;
				LD_RUNPATH_SEARCH_PATHS = (
					"$(inherited)",
					"@executable_path/../Frameworks",
				);
				MARKETING_VERSION = 1.0;
				PRODUCT_BUNDLE_IDENTIFIER = "org.stappler.examples.vk-gui";
				PRODUCT_NAME = "$(TARGET_NAME)";
				SWIFT_EMIT_LOC_STRINGS = YES;
			};
			name = Debug;
		};
		261322D12CD578F7008E4213 /* Release */ = {
			isa = XCBuildConfiguration;
			baseConfigurationReference = 261322E12CD57A19008E4213 /* macos.projectconfig.xcconfig */;
			buildSettings = {
				ASSETCATALOG_COMPILER_APPICON_NAME = AppIcon;
				ASSETCATALOG_COMPILER_GLOBAL_ACCENT_COLOR_NAME = AccentColor;
				CODE_SIGN_ENTITLEMENTS = vk_gui.entitlements;
				CODE_SIGN_STYLE = Automatic;
				COMBINE_HIDPI_IMAGES = YES;
				CURRENT_PROJECT_VERSION = 1;
				ENABLE_USER_SCRIPT_SANDBOXING = NO;
				GENERATE_INFOPLIST_FILE = YES;
				INFOPLIST_KEY_NSHumanReadableCopyright = "";
				INFOPLIST_KEY_NSMainNibFile = MainMenu;
				INFOPLIST_KEY_NSPrincipalClass = NSApplication;
				LD_RUNPATH_SEARCH_PATHS = (
					"$(inherited)",
					"@executable_path/../Frameworks",
				);
				MARKETING_VERSION = 1.0;
				PRODUCT_BUNDLE_IDENTIFIER = "org.stappler.examples.vk-gui";
				PRODUCT_NAME = "$(TARGET_NAME)";
				SWIFT_EMIT_LOC_STRINGS = YES;
			};
			name = Release;
		};
/* End XCBuildConfiguration section */

/* Begin XCConfigurationList section */
		261322BA2CD578F6008E4213 /* Build configuration list for PBXProject "vk-gui" */ = {
			isa = XCConfigurationList;
			buildConfigurations = (
				261322CD2CD578F7008E4213 /* Debug */,
				261322CE2CD578F7008E4213 /* Release */,
			);
			defaultConfigurationIsVisible = 0;
			defaultConfigurationName = Release;
		};
		261322CF2CD578F7008E4213 /* Build configuration list for PBXNativeTarget "vk-gui" */ = {
			isa = XCConfigurationList;
			buildConfigurations = (
				261322D02CD578F7008E4213 /* Debug */,
				261322D12CD578F7008E4213 /* Release */,
			);
			defaultConfigurationIsVisible = 0;
			defaultConfigurationName = Release;
		};
/* End XCConfigurationList section */
	};
	rootObject = 261322B72CD578F6008E4213 /* Project object */;
}
