// !$*UTF8*$!
{
	archiveVersion = 1;
	classes = {
	};
	objectVersion = 77;
	objects = {

/* Begin PBXBuildFile section */
		260E7B412E03C995007F707F /* main.cpp in Sources */ = {isa = PBXBuildFile; fileRef = 260E7B402E03C995007F707F /* main.cpp */; };
		260E7D682E03D2D1007F707F /* MacOsFramework.framework in Frameworks */ = {isa = PBXBuildFile; fileRef = 260E7D672E03D2D1007F707F /* MacOsFramework.framework */; };
/* End PBXBuildFile section */

/* Begin PBXContainerItemProxy section */
		260E7D662E03D2D1007F707F /* PBXContainerItemProxy */ = {
			isa = PBXContainerItemProxy;
			containerPortal = 260E7A832E03C8CD007F707F /* genpasswd.xcodeproj */;
			proxyType = 2;
			remoteGlobalIDString = 4263001DF756A0D0009AC7B1;
			remoteInfo = MacOsFramework;
		};
/* End PBXContainerItemProxy section */

/* Begin PBXCopyFilesBuildPhase section */
		260E761B2E0390DD007F707F /* CopyFiles */ = {
			isa = PBXCopyFilesBuildPhase;
			buildActionMask = 2147483647;
			dstPath = /usr/share/man/man1/;
			dstSubfolderSpec = 0;
			files = (
			);
			runOnlyForDeploymentPostprocessing = 1;
		};
/* End PBXCopyFilesBuildPhase section */

/* Begin PBXFileReference section */
		260E761D2E0390DD007F707F /* commandline */ = {isa = PBXFileReference; explicitFileType = "compiled.mach-o.executable"; includeInIndex = 0; path = commandline; sourceTree = BUILT_PRODUCTS_DIR; };
		260E76322E039110007F707F /* MacOsFramework.framework */ = {isa = PBXFileReference; explicitFileType = wrapper.framework; path = MacOsFramework.framework; sourceTree = BUILT_PRODUCTS_DIR; };
		260E76392E0391F1007F707F /* CoreFoundation.framework */ = {isa = PBXFileReference; lastKnownFileType = wrapper.framework; name = CoreFoundation.framework; path = System/Library/Frameworks/CoreFoundation.framework; sourceTree = SDKROOT; };
		260E763B2E0391F8007F707F /* UniformTypeIdentifiers.framework */ = {isa = PBXFileReference; lastKnownFileType = wrapper.framework; name = UniformTypeIdentifiers.framework; path = System/Library/Frameworks/UniformTypeIdentifiers.framework; sourceTree = SDKROOT; };
		260E763D2E039221007F707F /* Foundation.framework */ = {isa = PBXFileReference; lastKnownFileType = wrapper.framework; name = Foundation.framework; path = System/Library/Frameworks/Foundation.framework; sourceTree = SDKROOT; };
		260E7A832E03C8CD007F707F /* genpasswd.xcodeproj */ = {isa = PBXFileReference; lastKnownFileType = "wrapper.pb-project"; name = genpasswd.xcodeproj; path = "stappler-build/mac/genpasswd.xcodeproj"; sourceTree = "<group>"; };
		260E7B3F2E03C8DE007F707F /* project.xcconfig */ = {isa = PBXFileReference; lastKnownFileType = text.xcconfig; name = project.xcconfig; path = "stappler-build/mac/project.xcconfig"; sourceTree = "<group>"; };
		260E7B402E03C995007F707F /* main.cpp */ = {isa = PBXFileReference; lastKnownFileType = sourcecode.cpp.cpp; path = main.cpp; sourceTree = "<group>"; };
/* End PBXFileReference section */

/* Begin PBXFrameworksBuildPhase section */
		260E761A2E0390DD007F707F /* Frameworks */ = {
			isa = PBXFrameworksBuildPhase;
			buildActionMask = 2147483647;
			files = (
				260E7D682E03D2D1007F707F /* MacOsFramework.framework in Frameworks */,
			);
			runOnlyForDeploymentPostprocessing = 0;
		};
/* End PBXFrameworksBuildPhase section */

/* Begin PBXGroup section */
		260E76142E0390DD007F707F = {
			isa = PBXGroup;
			children = (
				260E7B3F2E03C8DE007F707F /* project.xcconfig */,
				260E7B402E03C995007F707F /* main.cpp */,
				260E7A832E03C8CD007F707F /* genpasswd.xcodeproj */,
				260E76312E039110007F707F /* Frameworks */,
				260E761E2E0390DD007F707F /* Products */,
			);
			sourceTree = "<group>";
		};
		260E761E2E0390DD007F707F /* Products */ = {
			isa = PBXGroup;
			children = (
				260E761D2E0390DD007F707F /* commandline */,
			);
			name = Products;
			sourceTree = "<group>";
		};
		260E76312E039110007F707F /* Frameworks */ = {
			isa = PBXGroup;
			children = (
				260E763D2E039221007F707F /* Foundation.framework */,
				260E763B2E0391F8007F707F /* UniformTypeIdentifiers.framework */,
				260E76392E0391F1007F707F /* CoreFoundation.framework */,
				260E76322E039110007F707F /* MacOsFramework.framework */,
			);
			name = Frameworks;
			sourceTree = "<group>";
		};
		260E7A842E03C8CD007F707F /* Products */ = {
			isa = PBXGroup;
			children = (
				260E7D672E03D2D1007F707F /* MacOsFramework.framework */,
			);
			name = Products;
			sourceTree = "<group>";
		};
/* End PBXGroup section */

/* Begin PBXNativeTarget section */
		260E761C2E0390DD007F707F /* commandline */ = {
			isa = PBXNativeTarget;
			buildConfigurationList = 260E76242E0390DD007F707F /* Build configuration list for PBXNativeTarget "commandline" */;
			buildPhases = (
				260E76192E0390DD007F707F /* Sources */,
				260E761A2E0390DD007F707F /* Frameworks */,
				260E761B2E0390DD007F707F /* CopyFiles */,
			);
			buildRules = (
			);
			dependencies = (
			);
			name = commandline;
			packageProductDependencies = (
			);
			productName = commandline;
			productReference = 260E761D2E0390DD007F707F /* commandline */;
			productType = "com.apple.product-type.tool";
		};
/* End PBXNativeTarget section */

/* Begin PBXProject section */
		260E76152E0390DD007F707F /* Project object */ = {
			isa = PBXProject;
			attributes = {
				BuildIndependentTargetsInParallel = 1;
				LastUpgradeCheck = 1640;
				TargetAttributes = {
					260E761C2E0390DD007F707F = {
						CreatedOnToolsVersion = 16.4;
					};
				};
			};
			buildConfigurationList = 260E76182E0390DD007F707F /* Build configuration list for PBXProject "commandline" */;
			developmentRegion = en;
			hasScannedForEncodings = 0;
			knownRegions = (
				en,
				Base,
			);
			mainGroup = 260E76142E0390DD007F707F;
			minimizedProjectReferenceProxies = 1;
			preferredProjectObjectVersion = 77;
			productRefGroup = 260E761E2E0390DD007F707F /* Products */;
			projectDirPath = "";
			projectReferences = (
				{
					ProductGroup = 260E7A842E03C8CD007F707F /* Products */;
					ProjectRef = 260E7A832E03C8CD007F707F /* genpasswd.xcodeproj */;
				},
			);
			projectRoot = "";
			targets = (
				260E761C2E0390DD007F707F /* commandline */,
			);
		};
/* End PBXProject section */

/* Begin PBXReferenceProxy section */
		260E7D672E03D2D1007F707F /* MacOsFramework.framework */ = {
			isa = PBXReferenceProxy;
			fileType = wrapper.framework;
			path = MacOsFramework.framework;
			remoteRef = 260E7D662E03D2D1007F707F /* PBXContainerItemProxy */;
			sourceTree = BUILT_PRODUCTS_DIR;
		};
/* End PBXReferenceProxy section */

/* Begin PBXSourcesBuildPhase section */
		260E76192E0390DD007F707F /* Sources */ = {
			isa = PBXSourcesBuildPhase;
			buildActionMask = 2147483647;
			files = (
				260E7B412E03C995007F707F /* main.cpp in Sources */,
			);
			runOnlyForDeploymentPostprocessing = 0;
		};
/* End PBXSourcesBuildPhase section */

/* Begin XCBuildConfiguration section */
		260E76222E0390DD007F707F /* Debug */ = {
			isa = XCBuildConfiguration;
			buildSettings = {
				ALWAYS_SEARCH_USER_PATHS = NO;
				ASSETCATALOG_COMPILER_GENERATE_SWIFT_ASSET_SYMBOL_EXTENSIONS = YES;
				CLANG_ANALYZER_NONNULL = YES;
				CLANG_ANALYZER_NUMBER_OBJECT_CONVERSION = YES_AGGRESSIVE;
				CLANG_CXX_LANGUAGE_STANDARD = "gnu++20";
				CLANG_ENABLE_MODULES = YES;
				CLANG_ENABLE_OBJC_ARC = YES;
				CLANG_ENABLE_OBJC_WEAK = YES;
				CLANG_WARN_BLOCK_CAPTURE_AUTORELEASING = YES;
				CLANG_WARN_BOOL_CONVERSION = YES;
				CLANG_WARN_COMMA = YES;
				CLANG_WARN_CONSTANT_CONVERSION = YES;
				CLANG_WARN_DEPRECATED_OBJC_IMPLEMENTATIONS = YES;
				CLANG_WARN_DIRECT_OBJC_ISA_USAGE = YES_ERROR;
				CLANG_WARN_DOCUMENTATION_COMMENTS = YES;
				CLANG_WARN_EMPTY_BODY = YES;
				CLANG_WARN_ENUM_CONVERSION = YES;
				CLANG_WARN_INFINITE_RECURSION = YES;
				CLANG_WARN_INT_CONVERSION = YES;
				CLANG_WARN_NON_LITERAL_NULL_CONVERSION = YES;
				CLANG_WARN_OBJC_IMPLICIT_RETAIN_SELF = YES;
				CLANG_WARN_OBJC_LITERAL_CONVERSION = YES;
				CLANG_WARN_OBJC_ROOT_CLASS = YES_ERROR;
				CLANG_WARN_QUOTED_INCLUDE_IN_FRAMEWORK_HEADER = YES;
				CLANG_WARN_RANGE_LOOP_ANALYSIS = YES;
				CLANG_WARN_STRICT_PROTOTYPES = YES;
				CLANG_WARN_SUSPICIOUS_MOVE = YES;
				CLANG_WARN_UNGUARDED_AVAILABILITY = YES_AGGRESSIVE;
				CLANG_WARN_UNREACHABLE_CODE = YES;
				CLANG_WARN__DUPLICATE_METHOD_MATCH = YES;
				COPY_PHASE_STRIP = NO;
				DEBUG_INFORMATION_FORMAT = dwarf;
				ENABLE_STRICT_OBJC_MSGSEND = YES;
				ENABLE_TESTABILITY = YES;
				ENABLE_USER_SCRIPT_SANDBOXING = YES;
				GCC_C_LANGUAGE_STANDARD = gnu17;
				GCC_DYNAMIC_NO_PIC = NO;
				GCC_NO_COMMON_BLOCKS = YES;
				GCC_OPTIMIZATION_LEVEL = 0;
				GCC_PREPROCESSOR_DEFINITIONS = (
					"DEBUG=1",
					"$(inherited)",
				);
				GCC_WARN_64_TO_32_BIT_CONVERSION = YES;
				GCC_WARN_ABOUT_RETURN_TYPE = YES_ERROR;
				GCC_WARN_UNDECLARED_SELECTOR = YES;
				GCC_WARN_UNINITIALIZED_AUTOS = YES_AGGRESSIVE;
				GCC_WARN_UNUSED_FUNCTION = YES;
				GCC_WARN_UNUSED_VARIABLE = YES;
				LOCALIZATION_PREFERS_STRING_CATALOGS = YES;
				MACOSX_DEPLOYMENT_TARGET = 15.5;
				MTL_ENABLE_DEBUG_INFO = INCLUDE_SOURCE;
				MTL_FAST_MATH = YES;
				ONLY_ACTIVE_ARCH = YES;
				SDKROOT = macosx;
			};
			name = Debug;
		};
		260E76232E0390DD007F707F /* Release */ = {
			isa = XCBuildConfiguration;
			buildSettings = {
				ALWAYS_SEARCH_USER_PATHS = NO;
				ASSETCATALOG_COMPILER_GENERATE_SWIFT_ASSET_SYMBOL_EXTENSIONS = YES;
				CLANG_ANALYZER_NONNULL = YES;
				CLANG_ANALYZER_NUMBER_OBJECT_CONVERSION = YES_AGGRESSIVE;
				CLANG_CXX_LANGUAGE_STANDARD = "gnu++20";
				CLANG_ENABLE_MODULES = YES;
				CLANG_ENABLE_OBJC_ARC = YES;
				CLANG_ENABLE_OBJC_WEAK = YES;
				CLANG_WARN_BLOCK_CAPTURE_AUTORELEASING = YES;
				CLANG_WARN_BOOL_CONVERSION = YES;
				CLANG_WARN_COMMA = YES;
				CLANG_WARN_CONSTANT_CONVERSION = YES;
				CLANG_WARN_DEPRECATED_OBJC_IMPLEMENTATIONS = YES;
				CLANG_WARN_DIRECT_OBJC_ISA_USAGE = YES_ERROR;
				CLANG_WARN_DOCUMENTATION_COMMENTS = YES;
				CLANG_WARN_EMPTY_BODY = YES;
				CLANG_WARN_ENUM_CONVERSION = YES;
				CLANG_WARN_INFINITE_RECURSION = YES;
				CLANG_WARN_INT_CONVERSION = YES;
				CLANG_WARN_NON_LITERAL_NULL_CONVERSION = YES;
				CLANG_WARN_OBJC_IMPLICIT_RETAIN_SELF = YES;
				CLANG_WARN_OBJC_LITERAL_CONVERSION = YES;
				CLANG_WARN_OBJC_ROOT_CLASS = YES_ERROR;
				CLANG_WARN_QUOTED_INCLUDE_IN_FRAMEWORK_HEADER = YES;
				CLANG_WARN_RANGE_LOOP_ANALYSIS = YES;
				CLANG_WARN_STRICT_PROTOTYPES = YES;
				CLANG_WARN_SUSPICIOUS_MOVE = YES;
				CLANG_WARN_UNGUARDED_AVAILABILITY = YES_AGGRESSIVE;
				CLANG_WARN_UNREACHABLE_CODE = YES;
				CLANG_WARN__DUPLICATE_METHOD_MATCH = YES;
				COPY_PHASE_STRIP = NO;
				DEBUG_INFORMATION_FORMAT = "dwarf-with-dsym";
				ENABLE_NS_ASSERTIONS = NO;
				ENABLE_STRICT_OBJC_MSGSEND = YES;
				ENABLE_USER_SCRIPT_SANDBOXING = YES;
				GCC_C_LANGUAGE_STANDARD = gnu17;
				GCC_NO_COMMON_BLOCKS = YES;
				GCC_WARN_64_TO_32_BIT_CONVERSION = YES;
				GCC_WARN_ABOUT_RETURN_TYPE = YES_ERROR;
				GCC_WARN_UNDECLARED_SELECTOR = YES;
				GCC_WARN_UNINITIALIZED_AUTOS = YES_AGGRESSIVE;
				GCC_WARN_UNUSED_FUNCTION = YES;
				GCC_WARN_UNUSED_VARIABLE = YES;
				LOCALIZATION_PREFERS_STRING_CATALOGS = YES;
				MACOSX_DEPLOYMENT_TARGET = 15.5;
				MTL_ENABLE_DEBUG_INFO = NO;
				MTL_FAST_MATH = YES;
				SDKROOT = macosx;
			};
			name = Release;
		};
		260E76252E0390DD007F707F /* Debug */ = {
			isa = XCBuildConfiguration;
			baseConfigurationReference = 260E7B3F2E03C8DE007F707F /* project.xcconfig */;
			buildSettings = {
				CODE_SIGN_STYLE = Automatic;
				PRODUCT_NAME = "$(TARGET_NAME)";
			};
			name = Debug;
		};
		260E76262E0390DD007F707F /* Release */ = {
			isa = XCBuildConfiguration;
			baseConfigurationReference = 260E7B3F2E03C8DE007F707F /* project.xcconfig */;
			buildSettings = {
				CODE_SIGN_STYLE = Automatic;
				PRODUCT_NAME = "$(TARGET_NAME)";
			};
			name = Release;
		};
/* End XCBuildConfiguration section */

/* Begin XCConfigurationList section */
		260E76182E0390DD007F707F /* Build configuration list for PBXProject "commandline" */ = {
			isa = XCConfigurationList;
			buildConfigurations = (
				260E76222E0390DD007F707F /* Debug */,
				260E76232E0390DD007F707F /* Release */,
			);
			defaultConfigurationIsVisible = 0;
			defaultConfigurationName = Release;
		};
		260E76242E0390DD007F707F /* Build configuration list for PBXNativeTarget "commandline" */ = {
			isa = XCConfigurationList;
			buildConfigurations = (
				260E76252E0390DD007F707F /* Debug */,
				260E76262E0390DD007F707F /* Release */,
			);
			defaultConfigurationIsVisible = 0;
			defaultConfigurationName = Release;
		};
/* End XCConfigurationList section */
	};
	rootObject = 260E76152E0390DD007F707F /* Project object */;
}
